
Microsoft Visual Studio Solution File, Format Version 12.00
# Visual Studio Version 17
VisualStudioVersion = 17.3.32825.248
MinimumVisualStudioVersion = 10.0.40219.1
Project("{FAE04EC0-301F-11D3-BF4B-00C04F79EFBC}") = "ZkousimSiKodit", "ZkousimSiKodit\ZkousimSiKodit.csproj", "{F8657B51-6D69-4AE7-8D0C-266A33014C4D}"
EndProject
Global
	GlobalSection(SolutionConfigurationPlatforms) = preSolution
		Debug|Any CPU = Debug|Any CPU
		Release|Any CPU = Release|Any CPU
	EndGlobalSection
	GlobalSection(ProjectConfigurationPlatforms) = postSolution
		{F8657B51-6D69-4AE7-8D0C-266A33014C4D}.Debug|Any CPU.ActiveCfg = Debug|Any CPU
		{F8657B51-6D69-4AE7-8D0C-266A33014C4D}.Debug|Any CPU.Build.0 = Debug|Any CPU
		{F8657B51-6D69-4AE7-8D0C-266A33014C4D}.Release|Any CPU.ActiveCfg = Release|Any CPU
		{F8657B51-6D69-4AE7-8D0C-266A33014C4D}.Release|Any CPU.Build.0 = Release|Any CPU
	EndGlobalSection
	GlobalSection(SolutionProperties) = preSolution
		HideSolutionNode = FALSE
	EndGlobalSection
	GlobalSection(ExtensibilityGlobals) = postSolution
		SolutionGuid = {1A9182C5-1595-4FBA-8B6B-F39CED005C0A}
	EndGlobalSection
EndGlobal
